
Microsoft Visual Studio Solution File, Format Version 12.00
# Visual Studio Version 16
VisualStudioVersion = 25.0.1704.0
MinimumVisualStudioVersion = 10.0.40219.1
Project("{FAE04EC0-301F-11D3-BF4B-00C04F79EFBC}") = "IOT_Backend", "IOT_Backend.csproj", "{356DEFB3-5FC9-4593-BFD1-7FC5AB42A5DE}"
EndProject
Global
	GlobalSection(SolutionConfigurationPlatforms) = preSolution
		Debug|Any CPU = Debug|Any CPU
		Release|Any CPU = Release|Any CPU
	EndGlobalSection
	GlobalSection(ProjectConfigurationPlatforms) = postSolution
		{356DEFB3-5FC9-4593-BFD1-7FC5AB42A5DE}.Debug|Any CPU.ActiveCfg = Debug|Any CPU
		{356DEFB3-5FC9-4593-BFD1-7FC5AB42A5DE}.Debug|Any CPU.Build.0 = Debug|Any CPU
		{356DEFB3-5FC9-4593-BFD1-7FC5AB42A5DE}.Release|Any CPU.ActiveCfg = Release|Any CPU
		{356DEFB3-5FC9-4593-BFD1-7FC5AB42A5DE}.Release|Any CPU.Build.0 = Release|Any CPU
	EndGlobalSection
	GlobalSection(SolutionProperties) = preSolution
		HideSolutionNode = FALSE
	EndGlobalSection
	GlobalSection(ExtensibilityGlobals) = postSolution
		SolutionGuid = {C657B52C-D18A-4B83-A0E5-9DA3AC17CA2B}
	EndGlobalSection
EndGlobal
